Microsoft Visual Studio Solution File, Format Version 12.00
# Visual Studio 15
VisualStudioVersion = 15.0.27004.2005
MinimumVisualStudioVersion = 15.0.26124.0
Project("{2150E333-8FDC-42A3-9474-1A3956D46DE8}") = "tools", "tools", "{260F94C6-4240-4B6A-8E13-D4D6D7E5F5EC}"
EndProject
Project("{9A19103F-16F7-4668-BE54-9A1E7A4F7556}") = "ReamQuery.RefDumper", "tools\ReamQuery.RefDumper\ReamQuery.RefDumper.csproj", "{93DCD5D7-E2D1-4CED-AEBB-91256C4BA2AB}"
EndProject
Project("{2150E333-8FDC-42A3-9474-1A3956D46DE8}") = "src", "src", "{24617054-6A82-4E61-9045-B2C792BC60AA}"
EndProject
Project("{9A19103F-16F7-4668-BE54-9A1E7A4F7556}") = "ReamQuery.Server", "src\ReamQuery.Server\ReamQuery.Server.csproj", "{F34F533F-9740-45FB-950B-471A9542338E}"
EndProject
Project("{9A19103F-16F7-4668-BE54-9A1E7A4F7556}") = "ReamQuery.Core", "src\ReamQuery.Core\ReamQuery.Core.csproj", "{40C6F68B-06B0-41C7-AB1D-A30AA0C19064}"
EndProject
Project("{9A19103F-16F7-4668-BE54-9A1E7A4F7556}") = "ReamQuery.Resources", "src\ReamQuery.Resources\ReamQuery.Resources.csproj", "{43B70300-8D6D-477E-88DA-49302C8D5C22}"
EndProject
Project("{2150E333-8FDC-42A3-9474-1A3956D46DE8}") = "test", "test", "{EC89012A-C807-4A96-B6B9-45F1C0188761}"
EndProject
Project("{9A19103F-16F7-4668-BE54-9A1E7A4F7556}") = "ReamQuery.Core.Test", "test\ReamQuery.Core.Test\ReamQuery.Core.Test.csproj", "{55AE088E-7E1B-449A-96C7-2B4C605B9490}"
EndProject
Project("{9A19103F-16F7-4668-BE54-9A1E7A4F7556}") = "ReamQuery.Server.Test", "test\ReamQuery.Server.Test\ReamQuery.Server.Test.csproj", "{9556C490-963A-4195-96F8-E7DEE49D75CE}"
EndProject
Global
	GlobalSection(SolutionConfigurationPlatforms) = preSolution
		Debug|Any CPU = Debug|Any CPU
		Debug|x64 = Debug|x64
		Debug|x86 = Debug|x86
		Release|Any CPU = Release|Any CPU
		Release|x64 = Release|x64
		Release|x86 = Release|x86
	EndGlobalSection
	GlobalSection(ProjectConfigurationPlatforms) = postSolution
		{93DCD5D7-E2D1-4CED-AEBB-91256C4BA2AB}.Debug|Any CPU.ActiveCfg = Debug|Any CPU
		{93DCD5D7-E2D1-4CED-AEBB-91256C4BA2AB}.Debug|Any CPU.Build.0 = Debug|Any CPU
		{93DCD5D7-E2D1-4CED-AEBB-91256C4BA2AB}.Debug|x64.ActiveCfg = Debug|Any CPU
		{93DCD5D7-E2D1-4CED-AEBB-91256C4BA2AB}.Debug|x64.Build.0 = Debug|Any CPU
		{93DCD5D7-E2D1-4CED-AEBB-91256C4BA2AB}.Debug|x86.ActiveCfg = Debug|Any CPU
		{93DCD5D7-E2D1-4CED-AEBB-91256C4BA2AB}.Debug|x86.Build.0 = Debug|Any CPU
		{93DCD5D7-E2D1-4CED-AEBB-91256C4BA2AB}.Release|Any CPU.ActiveCfg = Release|Any CPU
		{93DCD5D7-E2D1-4CED-AEBB-91256C4BA2AB}.Release|Any CPU.Build.0 = Release|Any CPU
		{93DCD5D7-E2D1-4CED-AEBB-91256C4BA2AB}.Release|x64.ActiveCfg = Release|Any CPU
		{93DCD5D7-E2D1-4CED-AEBB-91256C4BA2AB}.Release|x64.Build.0 = Release|Any CPU
		{93DCD5D7-E2D1-4CED-AEBB-91256C4BA2AB}.Release|x86.ActiveCfg = Release|Any CPU
		{93DCD5D7-E2D1-4CED-AEBB-91256C4BA2AB}.Release|x86.Build.0 = Release|Any CPU
		{F34F533F-9740-45FB-950B-471A9542338E}.Debug|Any CPU.ActiveCfg = Debug|Any CPU
		{F34F533F-9740-45FB-950B-471A9542338E}.Debug|Any CPU.Build.0 = Debug|Any CPU
		{F34F533F-9740-45FB-950B-471A9542338E}.Debug|x64.ActiveCfg = Debug|Any CPU
		{F34F533F-9740-45FB-950B-471A9542338E}.Debug|x64.Build.0 = Debug|Any CPU
		{F34F533F-9740-45FB-950B-471A9542338E}.Debug|x86.ActiveCfg = Debug|Any CPU
		{F34F533F-9740-45FB-950B-471A9542338E}.Debug|x86.Build.0 = Debug|Any CPU
		{F34F533F-9740-45FB-950B-471A9542338E}.Release|Any CPU.ActiveCfg = Release|Any CPU
		{F34F533F-9740-45FB-950B-471A9542338E}.Release|Any CPU.Build.0 = Release|Any CPU
		{F34F533F-9740-45FB-950B-471A9542338E}.Release|x64.ActiveCfg = Release|Any CPU
		{F34F533F-9740-45FB-950B-471A9542338E}.Release|x64.Build.0 = Release|Any CPU
		{F34F533F-9740-45FB-950B-471A9542338E}.Release|x86.ActiveCfg = Release|Any CPU
		{F34F533F-9740-45FB-950B-471A9542338E}.Release|x86.Build.0 = Release|Any CPU
		{40C6F68B-06B0-41C7-AB1D-A30AA0C19064}.Debug|Any CPU.ActiveCfg = Debug|Any CPU
		{40C6F68B-06B0-41C7-AB1D-A30AA0C19064}.Debug|Any CPU.Build.0 = Debug|Any CPU
		{40C6F68B-06B0-41C7-AB1D-A30AA0C19064}.Debug|x64.ActiveCfg = Debug|Any CPU
		{40C6F68B-06B0-41C7-AB1D-A30AA0C19064}.Debug|x64.Build.0 = Debug|Any CPU
		{40C6F68B-06B0-41C7-AB1D-A30AA0C19064}.Debug|x86.ActiveCfg = Debug|Any CPU
		{40C6F68B-06B0-41C7-AB1D-A30AA0C19064}.Debug|x86.Build.0 = Debug|Any CPU
		{40C6F68B-06B0-41C7-AB1D-A30AA0C19064}.Release|Any CPU.ActiveCfg = Release|Any CPU
		{40C6F68B-06B0-41C7-AB1D-A30AA0C19064}.Release|Any CPU.Build.0 = Release|Any CPU
		{40C6F68B-06B0-41C7-AB1D-A30AA0C19064}.Release|x64.ActiveCfg = Release|Any CPU
		{40C6F68B-06B0-41C7-AB1D-A30AA0C19064}.Release|x64.Build.0 = Release|Any CPU
		{40C6F68B-06B0-41C7-AB1D-A30AA0C19064}.Release|x86.ActiveCfg = Release|Any CPU
		{40C6F68B-06B0-41C7-AB1D-A30AA0C19064}.Release|x86.Build.0 = Release|Any CPU
		{43B70300-8D6D-477E-88DA-49302C8D5C22}.Debug|Any CPU.ActiveCfg = Debug|Any CPU
		{43B70300-8D6D-477E-88DA-49302C8D5C22}.Debug|Any CPU.Build.0 = Debug|Any CPU
		{43B70300-8D6D-477E-88DA-49302C8D5C22}.Debug|x64.ActiveCfg = Debug|Any CPU
		{43B70300-8D6D-477E-88DA-49302C8D5C22}.Debug|x64.Build.0 = Debug|Any CPU
		{43B70300-8D6D-477E-88DA-49302C8D5C22}.Debug|x86.ActiveCfg = Debug|Any CPU
		{43B70300-8D6D-477E-88DA-49302C8D5C22}.Debug|x86.Build.0 = Debug|Any CPU
		{43B70300-8D6D-477E-88DA-49302C8D5C22}.Release|Any CPU.ActiveCfg = Release|Any CPU
		{43B70300-8D6D-477E-88DA-49302C8D5C22}.Release|Any CPU.Build.0 = Release|Any CPU
		{43B70300-8D6D-477E-88DA-49302C8D5C22}.Release|x64.ActiveCfg = Release|Any CPU
		{43B70300-8D6D-477E-88DA-49302C8D5C22}.Release|x64.Build.0 = Release|Any CPU
		{43B70300-8D6D-477E-88DA-49302C8D5C22}.Release|x86.ActiveCfg = Release|Any CPU
		{43B70300-8D6D-477E-88DA-49302C8D5C22}.Release|x86.Build.0 = Release|Any CPU
		{55AE088E-7E1B-449A-96C7-2B4C605B9490}.Debug|Any CPU.ActiveCfg = Debug|Any CPU
		{55AE088E-7E1B-449A-96C7-2B4C605B9490}.Debug|Any CPU.Build.0 = Debug|Any CPU
		{55AE088E-7E1B-449A-96C7-2B4C605B9490}.Debug|x64.ActiveCfg = Debug|Any CPU
		{55AE088E-7E1B-449A-96C7-2B4C605B9490}.Debug|x64.Build.0 = Debug|Any CPU
		{55AE088E-7E1B-449A-96C7-2B4C605B9490}.Debug|x86.ActiveCfg = Debug|Any CPU
		{55AE088E-7E1B-449A-96C7-2B4C605B9490}.Debug|x86.Build.0 = Debug|Any CPU
		{55AE088E-7E1B-449A-96C7-2B4C605B9490}.Release|Any CPU.ActiveCfg = Release|Any CPU
		{55AE088E-7E1B-449A-96C7-2B4C605B9490}.Release|Any CPU.Build.0 = Release|Any CPU
		{55AE088E-7E1B-449A-96C7-2B4C605B9490}.Release|x64.ActiveCfg = Release|Any CPU
		{55AE088E-7E1B-449A-96C7-2B4C605B9490}.Release|x64.Build.0 = Release|Any CPU
		{55AE088E-7E1B-449A-96C7-2B4C605B9490}.Release|x86.ActiveCfg = Release|Any CPU
		{55AE088E-7E1B-449A-96C7-2B4C605B9490}.Release|x86.Build.0 = Release|Any CPU
		{9556C490-963A-4195-96F8-E7DEE49D75CE}.Debug|Any CPU.ActiveCfg = Debug|Any CPU
		{9556C490-963A-4195-96F8-E7DEE49D75CE}.Debug|Any CPU.Build.0 = Debug|Any CPU
		{9556C490-963A-4195-96F8-E7DEE49D75CE}.Debug|x64.ActiveCfg = Debug|Any CPU
		{9556C490-963A-4195-96F8-E7DEE49D75CE}.Debug|x64.Build.0 = Debug|Any CPU
		{9556C490-963A-4195-96F8-E7DEE49D75CE}.Debug|x86.ActiveCfg = Debug|Any CPU
		{9556C490-963A-4195-96F8-E7DEE49D75CE}.Debug|x86.Build.0 = Debug|Any CPU
		{9556C490-963A-4195-96F8-E7DEE49D75CE}.Release|Any CPU.ActiveCfg = Release|Any CPU
		{9556C490-963A-4195-96F8-E7DEE49D75CE}.Release|Any CPU.Build.0 = Release|Any CPU
		{9556C490-963A-4195-96F8-E7DEE49D75CE}.Release|x64.ActiveCfg = Release|Any CPU
		{9556C490-963A-4195-96F8-E7DEE49D75CE}.Release|x64.Build.0 = Release|Any CPU
		{9556C490-963A-4195-96F8-E7DEE49D75CE}.Release|x86.ActiveCfg = Release|Any CPU
		{9556C490-963A-4195-96F8-E7DEE49D75CE}.Release|x86.Build.0 = Release|Any CPU
	EndGlobalSection
	GlobalSection(SolutionProperties) = preSolution
		HideSolutionNode = FALSE
	EndGlobalSection
	GlobalSection(NestedProjects) = preSolution
		{93DCD5D7-E2D1-4CED-AEBB-91256C4BA2AB} = {260F94C6-4240-4B6A-8E13-D4D6D7E5F5EC}
		{F34F533F-9740-45FB-950B-471A9542338E} = {24617054-6A82-4E61-9045-B2C792BC60AA}
		{40C6F68B-06B0-41C7-AB1D-A30AA0C19064} = {24617054-6A82-4E61-9045-B2C792BC60AA}
		{43B70300-8D6D-477E-88DA-49302C8D5C22} = {24617054-6A82-4E61-9045-B2C792BC60AA}
		{55AE088E-7E1B-449A-96C7-2B4C605B9490} = {EC89012A-C807-4A96-B6B9-45F1C0188761}
		{9556C490-963A-4195-96F8-E7DEE49D75CE} = {EC89012A-C807-4A96-B6B9-45F1C0188761}
	EndGlobalSection
	GlobalSection(ExtensibilityGlobals) = postSolution
		SolutionGuid = {722B1B10-AAE1-41A3-A2D0-A6170A790AC8}
	EndGlobalSection
EndGlobal
